
Microsoft Visual Studio Solution File, Format Version 12.00
# Visual Studio 16
Project("{FAE04EC0-301F-11D3-BF4B-00C04F79EFBC}") = "Assembly-CSharp", "Assembly-CSharp.csproj", "{93DF38AD-E8BD-879F-6644-C00AB7577A32}"
EndProject
Project("{FAE04EC0-301F-11D3-BF4B-00C04F79EFBC}") = "Assembly-CSharp-Editor", "Assembly-CSharp-Editor.csproj", "{EFAE6DA3-5B67-A084-042B-4C49B3A96018}"
EndProject
Global
	GlobalSection(SolutionConfigurationPlatforms) = preSolution
		Debug|Any CPU = Debug|Any CPU
		Release|Any CPU = Release|Any CPU
	EndGlobalSection
	GlobalSection(ProjectConfigurationPlatforms) = postSolution
		{93DF38AD-E8BD-879F-6644-C00AB7577A32}.Debug|Any CPU.ActiveCfg = Debug|Any CPU
		{93DF38AD-E8BD-879F-6644-C00AB7577A32}.Debug|Any CPU.Build.0 = Debug|Any CPU
		{93DF38AD-E8BD-879F-6644-C00AB7577A32}.Release|Any CPU.ActiveCfg = Release|Any CPU
		{93DF38AD-E8BD-879F-6644-C00AB7577A32}.Release|Any CPU.Build.0 = Release|Any CPU
		{EFAE6DA3-5B67-A084-042B-4C49B3A96018}.Debug|Any CPU.ActiveCfg = Debug|Any CPU
		{EFAE6DA3-5B67-A084-042B-4C49B3A96018}.Debug|Any CPU.Build.0 = Debug|Any CPU
		{EFAE6DA3-5B67-A084-042B-4C49B3A96018}.Release|Any CPU.ActiveCfg = Release|Any CPU
		{EFAE6DA3-5B67-A084-042B-4C49B3A96018}.Release|Any CPU.Build.0 = Release|Any CPU
	EndGlobalSection
	GlobalSection(SolutionProperties) = preSolution
		HideSolutionNode = FALSE
	EndGlobalSection
EndGlobal
